
Microsoft Visual Studio Solution File, Format Version 12.00
# Visual Studio Version 17
VisualStudioVersion = 17.4.33103.184
MinimumVisualStudioVersion = 10.0.40219.1
Project("{FAE04EC0-301F-11D3-BF4B-00C04F79EFBC}") = "C-Sharp-Apps-Nikita", "C-Sharp-Apps-Nikita\C-Sharp-Apps-Nikita.csproj", "{7DB75799-0EF0-4F65-AF46-A6A56CCAE368}"
EndProject
Global
	GlobalSection(SolutionConfigurationPlatforms) = preSolution
		Debug|Any CPU = Debug|Any CPU
		Release|Any CPU = Release|Any CPU
	EndGlobalSection
	GlobalSection(ProjectConfigurationPlatforms) = postSolution
		{7DB75799-0EF0-4F65-AF46-A6A56CCAE368}.Debug|Any CPU.ActiveCfg = Debug|Any CPU
		{7DB75799-0EF0-4F65-AF46-A6A56CCAE368}.Debug|Any CPU.Build.0 = Debug|Any CPU
		{7DB75799-0EF0-4F65-AF46-A6A56CCAE368}.Release|Any CPU.ActiveCfg = Release|Any CPU
		{7DB75799-0EF0-4F65-AF46-A6A56CCAE368}.Release|Any CPU.Build.0 = Release|Any CPU
	EndGlobalSection
	GlobalSection(SolutionProperties) = preSolution
		HideSolutionNode = FALSE
	EndGlobalSection
	GlobalSection(ExtensibilityGlobals) = postSolution
		SolutionGuid = {08B5F2CD-8ABB-401D-B502-53FA44899C8F}
	EndGlobalSection
EndGlobal
